schema: '2.0'
stages:
  data_ingestion:
    cmd: python src/fraudDetection/components/training/data_ingestion.py
    deps:
    - path: configs/config.yaml
      md5: c3d0de1101e4e3e47da07b491ec0538f
      size: 1476
    - path: src/fraudDetection/components/training/data_ingestion.py
      md5: 8dae794f2766022783f2dbfc6f4f6028
      size: 8791
    - path: src/fraudDetection/config/configuration.py
      md5: e59ab9460e968dfa4de785d17f80c234
      size: 16313
  data_transformation:
    cmd: python src/fraudDetection/components/training/data_transformation.py
    deps:
    - path: configs/config.yaml
      md5: c3d0de1101e4e3e47da07b491ec0538f
      size: 1476
    - path: src/fraudDetection/components/training/data_transformation.py
      md5: 0092e90e1c01590d488311c6293b80eb
      size: 18479
  data_validation:
    cmd: python src/fraudDetection/components/training/data_validation.py
    deps:
    - path: configs/config.yaml
      md5: c3d0de1101e4e3e47da07b491ec0538f
      size: 1476
    - path: configs/schema.yaml
      md5: 3c5557dc232c32c3c30b346cba6cfc09
      size: 553
    - path: src/fraudDetection/components/training/data_validation.py
      md5: 32599f9dc8dabab5eaf7032edb233371
      size: 11137
  model_pusher:
    cmd: python src/fraudDetection/components/training/model_pusher.py
    deps:
    - path: src/fraudDetection/components/training/model_pusher.py
      md5: 5cc3b4931f71af2f16b1b24504ae1903
      size: 3370
  model_trainer:
    cmd: python src/fraudDetection/components/training/model_trainer.py
    deps:
    - path: configs/config.yaml
      md5: c3d0de1101e4e3e47da07b491ec0538f
      size: 1476
    - path: configs/model.yaml
      md5: 82809bc0598faa9257ed2eee1c7eb1cc
      size: 1222
    - path: configs/schema.yaml
      md5: 3c5557dc232c32c3c30b346cba6cfc09
      size: 553
    - path: src/fraudDetection/components/training/model_trainer.py
      md5: 5a78dd95da55474076a08376cc8b860d
      size: 11563
    - path: src/fraudDetection/entity/model_factory.py
      md5: f3b431248b7325fe7625c7059453f0aa
      size: 20820
  pipeline:
    cmd: python src/fraudDetection/pipeline/pipeline.py
    deps:
    - path: src/fraudDetection/pipeline/pipeline.py
      md5: d2810304c7d104817d76bd1feb7aad4f
      size: 16066
  model_evaluation:
    cmd: python src/fraudDetection/components/training/model_evaluation.py
    deps:
    - path: src/fraudDetection/components/training/model_evaluation.py
      md5: 6b859469e027582462eb0bf56f35f6e1
      size: 17565
